<?xml version="1.0" encoding="utf-8"?>
<Project ToolsVersion="4.0" xmlns="http://schemas.microsoft.com/developer/msbuild/2003">
  <ItemGroup>
    <Filter Include="Source Files">
      <UniqueIdentifier>{4d5c3efb-75d2-4739-9636-513bbe416512}</UniqueIdentifier>
    </Filter>
    <Filter Include="Generated Files">
      <UniqueIdentifier>{40bd8135-3bf7-43a7-bcc9-1908c83be643}</UniqueIdentifier>
      <SourceControlFiles>False</SourceControlFiles>
    </Filter>
  </ItemGroup>
  <ItemGroup>
    <None Include="MAPIWrapperps.def" />
  </ItemGroup>
  <ItemGroup>
    <ClCompile Include="MAPIWrapper_i.c">
      <Filter>Generated Files</Filter>
    </ClCompile>
    <ClCompile Include="MAPIWrapper_p.c">
      <Filter>Generated Files</Filter>
    </ClCompile>
    <ClCompile Include="dlldata.c">
      <Filter>Generated Files</Filter>
    </ClCompile>
  </ItemGroup>
</Project>